// !$*UTF8*$!
{
	archiveVersion = 1;
	classes = {
	};
	objectVersion = 46;
	objects = {

/* Begin PBXBuildFile section */
		40C8713A1AEBC23B00EE0A65 /* AppDelegate.swift in Sources */ = {isa = PBXBuildFile; fileRef = 40C871391AEBC23B00EE0A65 /* AppDelegate.swift */; };
		40C8713C1AEBC23B00EE0A65 /* ViewController.swift in Sources */ = {isa = PBXBuildFile; fileRef = 40C8713B1AEBC23B00EE0A65 /* ViewController.swift */; };
		40C8713F1AEBC23B00EE0A65 /* Main.storyboard in Resources */ = {isa = PBXBuildFile; fileRef = 40C8713D1AEBC23B00EE0A65 /* Main.storyboard */; };
		40C871411AEBC23B00EE0A65 /* Images.xcassets in Resources */ = {isa = PBXBuildFile; fileRef = 40C871401AEBC23B00EE0A65 /* Images.xcassets */; };
		40C871441AEBC23B00EE0A65 /* LaunchScreen.xib in Resources */ = {isa = PBXBuildFile; fileRef = 40C871421AEBC23B00EE0A65 /* LaunchScreen.xib */; };
		40C871501AEBC23B00EE0A65 /* SceneTestTests.swift in Sources */ = {isa = PBXBuildFile; fileRef = 40C8714F1AEBC23B00EE0A65 /* SceneTestTests.swift */; };
/* End PBXBuildFile section */

/* Begin PBXContainerItemProxy section */
		40C8714A1AEBC23B00EE0A65 /* PBXContainerItemProxy */ = {
			isa = PBXContainerItemProxy;
			containerPortal = 40C8712C1AEBC23B00EE0A65 /* Project object */;
			proxyType = 1;
			remoteGlobalIDString = 40C871331AEBC23B00EE0A65;
			remoteInfo = SceneTest;
		};
/* End PBXContainerItemProxy section */

/* Begin PBXFileReference section */
		40C871341AEBC23B00EE0A65 /* SceneTest.app */ = {isa = PBXFileReference; explicitFileType = wrapper.application; includeInIndex = 0; path = SceneTest.app; sourceTree = BUILT_PRODUCTS_DIR; };
		40C871381AEBC23B00EE0A65 /* Info.plist */ = {isa = PBXFileReference; lastKnownFileType = text.plist.xml; path = Info.plist; sourceTree = "<group>"; };
		40C871391AEBC23B00EE0A65 /* AppDelegate.swift */ = {isa = PBXFileReference; lastKnownFileType = sourcecode.swift; path = AppDelegate.swift; sourceTree = "<group>"; };
		40C8713B1AEBC23B00EE0A65 /* ViewController.swift */ = {isa = PBXFileReference; lastKnownFileType = sourcecode.swift; path = ViewController.swift; sourceTree = "<group>"; };
		40C8713E1AEBC23B00EE0A65 /* Base */ = {isa = PBXFileReference; lastKnownFileType = file.storyboard; name = Base; path = Base.lproj/Main.storyboard; sourceTree = "<group>"; };
		40C871401AEBC23B00EE0A65 /* Images.xcassets */ = {isa = PBXFileReference; lastKnownFileType = folder.assetcatalog; path = Images.xcassets; sourceTree = "<group>"; };
		40C871431AEBC23B00EE0A65 /* Base */ = {isa = PBXFileReference; lastKnownFileType = file.xib; name = Base; path = Base.lproj/LaunchScreen.xib; sourceTree = "<group>"; };
		40C871491AEBC23B00EE0A65 /* SceneTestTests.xctest */ = {isa = PBXFileReference; explicitFileType = wrapper.cfbundle; includeInIndex = 0; path = SceneTestTests.xctest; sourceTree = BUILT_PRODUCTS_DIR; };
		40C8714E1AEBC23B00EE0A65 /* Info.plist */ = {isa = PBXFileReference; lastKnownFileType = text.plist.xml; path = Info.plist; sourceTree = "<group>"; };
		40C8714F1AEBC23B00EE0A65 /* SceneTestTests.swift */ = {isa = PBXFileReference; lastKnownFileType = sourcecode.swift; path = SceneTestTests.swift; sourceTree = "<group>"; };
/* End PBXFileReference section */

/* Begin PBXFrameworksBuildPhase section */
		40C871311AEBC23B00EE0A65 /* Frameworks */ = {
			isa = PBXFrameworksBuildPhase;
			buildActionMask = 2147483647;
			files = (
			);
			runOnlyForDeploymentPostprocessing = 0;
		};
		40C871461AEBC23B00EE0A65 /* Frameworks */ = {
			isa = PBXFrameworksBuildPhase;
			buildActionMask = 2147483647;
			files = (
			);
			runOnlyForDeploymentPostprocessing = 0;
		};
/* End PBXFrameworksBuildPhase section */

/* Begin PBXGroup section */
		40C8712B1AEBC23B00EE0A65 = {
			isa = PBXGroup;
			children = (
				40C871361AEBC23B00EE0A65 /* SceneTest */,
				40C8714C1AEBC23B00EE0A65 /* SceneTestTests */,
				40C871351AEBC23B00EE0A65 /* Products */,
			);
			sourceTree = "<group>";
		};
		40C871351AEBC23B00EE0A65 /* Products */ = {
			isa = PBXGroup;
			children = (
				40C871341AEBC23B00EE0A65 /* SceneTest.app */,
				40C871491AEBC23B00EE0A65 /* SceneTestTests.xctest */,
			);
			name = Products;
			sourceTree = "<group>";
		};
		40C871361AEBC23B00EE0A65 /* SceneTest */ = {
			isa = PBXGroup;
			children = (
				40C871391AEBC23B00EE0A65 /* AppDelegate.swift */,
				40C8713B1AEBC23B00EE0A65 /* ViewController.swift */,
				40C8713D1AEBC23B00EE0A65 /* Main.storyboard */,
				40C871401AEBC23B00EE0A65 /* Images.xcassets */,
				40C871421AEBC23B00EE0A65 /* LaunchScreen.xib */,
				40C871371AEBC23B00EE0A65 /* Supporting Files */,
			);
			path = SceneTest;
			sourceTree = "<group>";
		};
		40C871371AEBC23B00EE0A65 /* Supporting Files */ = {
			isa = PBXGroup;
			children = (
				40C871381AEBC23B00EE0A65 /* Info.plist */,
			);
			name = "Supporting Files";
			sourceTree = "<group>";
		};
		40C8714C1AEBC23B00EE0A65 /* SceneTestTests */ = {
			isa = PBXGroup;
			children = (
				40C8714F1AEBC23B00EE0A65 /* SceneTestTests.swift */,
				40C8714D1AEBC23B00EE0A65 /* Supporting Files */,
			);
			path = SceneTestTests;
			sourceTree = "<group>";
		};
		40C8714D1AEBC23B00EE0A65 /* Supporting Files */ = {
			isa = PBXGroup;
			children = (
				40C8714E1AEBC23B00EE0A65 /* Info.plist */,
			);
			name = "Supporting Files";
			sourceTree = "<group>";
		};
/* End PBXGroup section */

/* Begin PBXNativeTarget section */
		40C871331AEBC23B00EE0A65 /* SceneTest */ = {
			isa = PBXNativeTarget;
			buildConfigurationList = 40C871531AEBC23B00EE0A65 /* Build configuration list for PBXNativeTarget "SceneTest" */;
			buildPhases = (
				40C871301AEBC23B00EE0A65 /* Sources */,
				40C871311AEBC23B00EE0A65 /* Frameworks */,
				40C871321AEBC23B00EE0A65 /* Resources */,
			);
			buildRules = (
			);
			dependencies = (
			);
			name = SceneTest;
			productName = SceneTest;
			productReference = 40C871341AEBC23B00EE0A65 /* SceneTest.app */;
			productType = "com.apple.product-type.application";
		};
		40C871481AEBC23B00EE0A65 /* SceneTestTests */ = {
			isa = PBXNativeTarget;
			buildConfigurationList = 40C871561AEBC23B00EE0A65 /* Build configuration list for PBXNativeTarget "SceneTestTests" */;
			buildPhases = (
				40C871451AEBC23B00EE0A65 /* Sources */,
				40C871461AEBC23B00EE0A65 /* Frameworks */,
				40C871471AEBC23B00EE0A65 /* Resources */,
			);
			buildRules = (
			);
			dependencies = (
				40C8714B1AEBC23B00EE0A65 /* PBXTargetDependency */,
			);
			name = SceneTestTests;
			productName = SceneTestTests;
			productReference = 40C871491AEBC23B00EE0A65 /* SceneTestTests.xctest */;
			productType = "com.apple.product-type.bundle.unit-test";
		};
/* End PBXNativeTarget section */

/* Begin PBXProject section */
		40C8712C1AEBC23B00EE0A65 /* Project object */ = {
			isa = PBXProject;
			attributes = {
				LastUpgradeCheck = 0630;
				ORGANIZATIONNAME = "Simas Abramovas";
				TargetAttributes = {
					40C871331AEBC23B00EE0A65 = {
						CreatedOnToolsVersion = 6.3;
					};
					40C871481AEBC23B00EE0A65 = {
						CreatedOnToolsVersion = 6.3;
						TestTargetID = 40C871331AEBC23B00EE0A65;
					};
				};
			};
			buildConfigurationList = 40C8712F1AEBC23B00EE0A65 /* Build configuration list for PBXProject "SceneTest" */;
			compatibilityVersion = "Xcode 3.2";
			developmentRegion = English;
			hasScannedForEncodings = 0;
			knownRegions = (
				en,
				Base,
			);
			mainGroup = 40C8712B1AEBC23B00EE0A65;
			productRefGroup = 40C871351AEBC23B00EE0A65 /* Products */;
			projectDirPath = "";
			projectRoot = "";
			targets = (
				40C871331AEBC23B00EE0A65 /* SceneTest */,
				40C871481AEBC23B00EE0A65 /* SceneTestTests */,
			);
		};
/* End PBXProject section */

/* Begin PBXResourcesBuildPhase section */
		40C871321AEBC23B00EE0A65 /* Resources */ = {
			isa = PBXResourcesBuildPhase;
			buildActionMask = 2147483647;
			files = (
				40C8713F1AEBC23B00EE0A65 /* Main.storyboard in Resources */,
				40C871441AEBC23B00EE0A65 /* LaunchScreen.xib in Resources */,
				40C871411AEBC23B00EE0A65 /* Images.xcassets in Resources */,
			);
			runOnlyForDeploymentPostprocessing = 0;
		};
		40C871471AEBC23B00EE0A65 /* Resources */ = {
			isa = PBXResourcesBuildPhase;
			buildActionMask = 2147483647;
			files = (
			);
			runOnlyForDeploymentPostprocessing = 0;
		};
/* End PBXResourcesBuildPhase section */

/* Begin PBXSourcesBuildPhase section */
		40C871301AEBC23B00EE0A65 /* Sources */ = {
			isa = PBXSourcesBuildPhase;
			buildActionMask = 2147483647;
			files = (
				40C8713C1AEBC23B00EE0A65 /* ViewController.swift in Sources */,
				40C8713A1AEBC23B00EE0A65 /* AppDelegate.swift in Sources */,
			);
			runOnlyForDeploymentPostprocessing = 0;
		};
		40C871451AEBC23B00EE0A65 /* Sources */ = {
			isa = PBXSourcesBuildPhase;
			buildActionMask = 2147483647;
			files = (
				40C871501AEBC23B00EE0A65 /* SceneTestTests.swift in Sources */,
			);
			runOnlyForDeploymentPostprocessing = 0;
		};
/* End PBXSourcesBuildPhase section */

/* Begin PBXTargetDependency section */
		40C8714B1AEBC23B00EE0A65 /* PBXTargetDependency */ = {
			isa = PBXTargetDependency;
			target = 40C871331AEBC23B00EE0A65 /* SceneTest */;
			targetProxy = 40C8714A1AEBC23B00EE0A65 /* PBXContainerItemProxy */;
		};
/* End PBXTargetDependency section */

/* Begin PBXVariantGroup section */
		40C8713D1AEBC23B00EE0A65 /* Main.storyboard */ = {
			isa = PBXVariantGroup;
			children = (
				40C8713E1AEBC23B00EE0A65 /* Base */,
			);
			name = Main.storyboard;
			sourceTree = "<group>";
		};
		40C871421AEBC23B00EE0A65 /* LaunchScreen.xib */ = {
			isa = PBXVariantGroup;
			children = (
				40C871431AEBC23B00EE0A65 /* Base */,
			);
			name = LaunchScreen.xib;
			sourceTree = "<group>";
		};
/* End PBXVariantGroup section */

/* Begin XCBuildConfiguration section */
		40C871511AEBC23B00EE0A65 /* Debug */ = {
			isa = XCBuildConfiguration;
			buildSettings = {
				ALWAYS_SEARCH_USER_PATHS = NO;
				CLANG_CXX_LANGUAGE_STANDARD = "gnu++0x";
				CLANG_CXX_LIBRARY = "libc++";
				CLANG_ENABLE_MODULES = YES;
				CLANG_ENABLE_OBJC_ARC = YES;
				CLANG_WARN_BOOL_CONVERSION = YES;
				CLANG_WARN_CONSTANT_CONVERSION = YES;
				CLANG_WARN_DIRECT_OBJC_ISA_USAGE = YES_ERROR;
				CLANG_WARN_EMPTY_BODY = YES;
				CLANG_WARN_ENUM_CONVERSION = YES;
				CLANG_WARN_INT_CONVERSION = YES;
				CLANG_WARN_OBJC_ROOT_CLASS = YES_ERROR;
				CLANG_WARN_UNREACHABLE_CODE = YES;
				CLANG_WARN__DUPLICATE_METHOD_MATCH = YES;
				"CODE_SIGN_IDENTITY[sdk=iphoneos*]" = "iPhone Developer";
				COPY_PHASE_STRIP = NO;
				DEBUG_INFORMATION_FORMAT = "dwarf-with-dsym";
				ENABLE_STRICT_OBJC_MSGSEND = YES;
				GCC_C_LANGUAGE_STANDARD = gnu99;
				GCC_DYNAMIC_NO_PIC = NO;
				GCC_NO_COMMON_BLOCKS = YES;
				GCC_OPTIMIZATION_LEVEL = 0;
				GCC_PREPROCESSOR_DEFINITIONS = (
					"DEBUG=1",
					"$(inherited)",
				);
				GCC_SYMBOLS_PRIVATE_EXTERN = NO;
				GCC_WARN_64_TO_32_BIT_CONVERSION = YES;
				GCC_WARN_ABOUT_RETURN_TYPE = YES_ERROR;
				GCC_WARN_UNDECLARED_SELECTOR = YES;
				GCC_WARN_UNINITIALIZED_AUTOS = YES_AGGRESSIVE;
				GCC_WARN_UNUSED_FUNCTION = YES;
				GCC_WARN_UNUSED_VARIABLE = YES;
				IPHONEOS_DEPLOYMENT_TARGET = 8.3;
				MTL_ENABLE_DEBUG_INFO = YES;
				ONLY_ACTIVE_ARCH = YES;
				SDKROOT = iphoneos;
				SWIFT_OPTIMIZATION_LEVEL = "-Onone";
			};
			name = Debug;
		};
		40C871521AEBC23B00EE0A65 /* Release */ = {
			isa = XCBuildConfiguration;
			buildSettings = {
				ALWAYS_SEARCH_USER_PATHS = NO;
				CLANG_CXX_LANGUAGE_STANDARD = "gnu++0x";
				CLANG_CXX_LIBRARY = "libc++";
				CLANG_ENABLE_MODULES = YES;
				CLANG_ENABLE_OBJC_ARC = YES;
				CLANG_WARN_BOOL_CONVERSION = YES;
				CLANG_WARN_CONSTANT_CONVERSION = YES;
				CLANG_WARN_DIRECT_OBJC_ISA_USAGE = YES_ERROR;
				CLANG_WARN_EMPTY_BODY = YES;
				CLANG_WARN_ENUM_CONVERSION = YES;
				CLANG_WARN_INT_CONVERSION = YES;
				CLANG_WARN_OBJC_ROOT_CLASS = YES_ERROR;
				CLANG_WARN_UNREACHABLE_CODE = YES;
				CLANG_WARN__DUPLICATE_METHOD_MATCH = YES;
				"CODE_SIGN_IDENTITY[sdk=iphoneos*]" = "iPhone Developer";
				COPY_PHASE_STRIP = NO;
				DEBUG_INFORMATION_FORMAT = "dwarf-with-dsym";
				ENABLE_NS_ASSERTIONS = NO;
				ENABLE_STRICT_OBJC_MSGSEND = YES;
				GCC_C_LANGUAGE_STANDARD = gnu99;
				GCC_NO_COMMON_BLOCKS = YES;
				GCC_WARN_64_TO_32_BIT_CONVERSION = YES;
				GCC_WARN_ABOUT_RETURN_TYPE = YES_ERROR;
				GCC_WARN_UNDECLARED_SELECTOR = YES;
				GCC_WARN_UNINITIALIZED_AUTOS = YES_AGGRESSIVE;
				GCC_WARN_UNUSED_FUNCTION = YES;
				GCC_WARN_UNUSED_VARIABLE = YES;
				IPHONEOS_DEPLOYMENT_TARGET = 8.3;
				MTL_ENABLE_DEBUG_INFO = NO;
				SDKROOT = iphoneos;
				VALIDATE_PRODUCT = YES;
			};
			name = Release;
		};
		40C871541AEBC23B00EE0A65 /* Debug */ = {
			isa = XCBuildConfiguration;
			buildSettings = {
				ASSETCATALOG_COMPILER_APPICON_NAME = AppIcon;
				INFOPLIST_FILE = SceneTest/Info.plist;
				LD_RUNPATH_SEARCH_PATHS = "$(inherited) @executable_path/Frameworks";
				PRODUCT_NAME = "$(TARGET_NAME)";
			};
			name = Debug;
		};
		40C871551AEBC23B00EE0A65 /* Release */ = {
			isa = XCBuildConfiguration;
			buildSettings = {
				ASSETCATALOG_COMPILER_APPICON_NAME = AppIcon;
				INFOPLIST_FILE = SceneTest/Info.plist;
				LD_RUNPATH_SEARCH_PATHS = "$(inherited) @executable_path/Frameworks";
				PRODUCT_NAME = "$(TARGET_NAME)";
			};
			name = Release;
		};
		40C871571AEBC23B00EE0A65 /* Debug */ = {
			isa = XCBuildConfiguration;
			buildSettings = {
				BUNDLE_LOADER = "$(TEST_HOST)";
				FRAMEWORK_SEARCH_PATHS = (
					"$(SDKROOT)/Developer/Library/Frameworks",
					"$(inherited)",
				);
				GCC_PREPROCESSOR_DEFINITIONS = (
					"DEBUG=1",
					"$(inherited)",
				);
				INFOPLIST_FILE = SceneTestTests/Info.plist;
				LD_RUNPATH_SEARCH_PATHS = "$(inherited) @executable_path/Frameworks @loader_path/Frameworks";
				PRODUCT_NAME = "$(TARGET_NAME)";
				TEST_HOST = "$(BUILT_PRODUCTS_DIR)/SceneTest.app/SceneTest";
			};
			name = Debug;
		};
		40C871581AEBC23B00EE0A65 /* Release */ = {
			isa = XCBuildConfiguration;
			buildSettings = {
				BUNDLE_LOADER = "$(TEST_HOST)";
				FRAMEWORK_SEARCH_PATHS = (
					"$(SDKROOT)/Developer/Library/Frameworks",
					"$(inherited)",
				);
				INFOPLIST_FILE = SceneTestTests/Info.plist;
				LD_RUNPATH_SEARCH_PATHS = "$(inherited) @executable_path/Frameworks @loader_path/Frameworks";
				PRODUCT_NAME = "$(TARGET_NAME)";
				TEST_HOST = "$(BUILT_PRODUCTS_DIR)/SceneTest.app/SceneTest";
			};
			name = Release;
		};
/* End XCBuildConfiguration section */

/* Begin XCConfigurationList section */
		40C8712F1AEBC23B00EE0A65 /* Build configuration list for PBXProject "SceneTest" */ = {
			isa = XCConfigurationList;
			buildConfigurations = (
				40C871511AEBC23B00EE0A65 /* Debug */,
				40C871521AEBC23B00EE0A65 /* Release */,
			);
			defaultConfigurationIsVisible = 0;
			defaultConfigurationName = Release;
		};
		40C871531AEBC23B00EE0A65 /* Build configuration list for PBXNativeTarget "SceneTest" */ = {
			isa = XCConfigurationList;
			buildConfigurations = (
				40C871541AEBC23B00EE0A65 /* Debug */,
				40C871551AEBC23B00EE0A65 /* Release */,
			);
			defaultConfigurationIsVisible = 0;
		};
		40C871561AEBC23B00EE0A65 /* Build configuration list for PBXNativeTarget "SceneTestTests" */ = {
			isa = XCConfigurationList;
			buildConfigurations = (
				40C871571AEBC23B00EE0A65 /* Debug */,
				40C871581AEBC23B00EE0A65 /* Release */,
			);
			defaultConfigurationIsVisible = 0;
		};
/* End XCConfigurationList section */
	};
	rootObject = 40C8712C1AEBC23B00EE0A65 /* Project object */;
}
